
Microsoft Visual Studio Solution File, Format Version 12.00
# Visual Studio Version 16
VisualStudioVersion = 16.0.29709.97
MinimumVisualStudioVersion = 10.0.40219.1
Project("{FAE04EC0-301F-11D3-BF4B-00C04F79EFBC}") = "MvcMovieCore", "MvcMovieCore.csproj", "{04AE1987-00AB-4373-94BF-B5BDE52F197B}"
EndProject
Global
	GlobalSection(SolutionConfigurationPlatforms) = preSolution
		Debug|Any CPU = Debug|Any CPU
		Release|Any CPU = Release|Any CPU
	EndGlobalSection
	GlobalSection(ProjectConfigurationPlatforms) = postSolution
		{04AE1987-00AB-4373-94BF-B5BDE52F197B}.Debug|Any CPU.ActiveCfg = Debug|Any CPU
		{04AE1987-00AB-4373-94BF-B5BDE52F197B}.Debug|Any CPU.Build.0 = Debug|Any CPU
		{04AE1987-00AB-4373-94BF-B5BDE52F197B}.Release|Any CPU.ActiveCfg = Release|Any CPU
		{04AE1987-00AB-4373-94BF-B5BDE52F197B}.Release|Any CPU.Build.0 = Release|Any CPU
	EndGlobalSection
	GlobalSection(SolutionProperties) = preSolution
		HideSolutionNode = FALSE
	EndGlobalSection
	GlobalSection(ExtensibilityGlobals) = postSolution
		SolutionGuid = {615B2C2C-01E1-4F12-A34F-6928B7D3E98C}
	EndGlobalSection
EndGlobal
